// !$*UTF8*$!
{
	archiveVersion = 1;
	classes = {
	};
	objectVersion = 46;
	objects = {

/* Begin PBXBuildFile section */
		B517CD941B73B3C30089467C /* AppDelegate.swift in Sources */ = {isa = PBXBuildFile; fileRef = B517CD931B73B3C30089467C /* AppDelegate.swift */; };
		B517CD961B73B3C30089467C /* ViewController.swift in Sources */ = {isa = PBXBuildFile; fileRef = B517CD951B73B3C30089467C /* ViewController.swift */; };
		B517CD991B73B3C30089467C /* Main.storyboard in Resources */ = {isa = PBXBuildFile; fileRef = B517CD971B73B3C30089467C /* Main.storyboard */; };
		B517CD9B1B73B3C30089467C /* Assets.xcassets in Resources */ = {isa = PBXBuildFile; fileRef = B517CD9A1B73B3C30089467C /* Assets.xcassets */; };
		B517CD9E1B73B3C30089467C /* LaunchScreen.storyboard in Resources */ = {isa = PBXBuildFile; fileRef = B517CD9C1B73B3C30089467C /* LaunchScreen.storyboard */; };
/* End PBXBuildFile section */

/* Begin PBXFileReference section */
		B517CD901B73B3C30089467C /* SwiftErrorHandling.app */ = {isa = PBXFileReference; explicitFileType = wrapper.application; includeInIndex = 0; path = SwiftErrorHandling.app; sourceTree = BUILT_PRODUCTS_DIR; };
		B517CD931B73B3C30089467C /* AppDelegate.swift */ = {isa = PBXFileReference; lastKnownFileType = sourcecode.swift; path = AppDelegate.swift; sourceTree = "<group>"; };
		B517CD951B73B3C30089467C /* ViewController.swift */ = {isa = PBXFileReference; lastKnownFileType = sourcecode.swift; path = ViewController.swift; sourceTree = "<group>"; };
		B517CD981B73B3C30089467C /* Base */ = {isa = PBXFileReference; lastKnownFileType = file.storyboard; name = Base; path = Base.lproj/Main.storyboard; sourceTree = "<group>"; };
		B517CD9A1B73B3C30089467C /* Assets.xcassets */ = {isa = PBXFileReference; lastKnownFileType = folder.assetcatalog; path = Assets.xcassets; sourceTree = "<group>"; };
		B517CD9D1B73B3C30089467C /* Base */ = {isa = PBXFileReference; lastKnownFileType = file.storyboard; name = Base; path = Base.lproj/LaunchScreen.storyboard; sourceTree = "<group>"; };
		B517CD9F1B73B3C30089467C /* Info.plist */ = {isa = PBXFileReference; lastKnownFileType = text.plist.xml; path = Info.plist; sourceTree = "<group>"; };
/* End PBXFileReference section */

/* Begin PBXFrameworksBuildPhase section */
		B517CD8D1B73B3C30089467C /* Frameworks */ = {
			isa = PBXFrameworksBuildPhase;
			buildActionMask = 2147483647;
			files = (
			);
			runOnlyForDeploymentPostprocessing = 0;
		};
/* End PBXFrameworksBuildPhase section */

/* Begin PBXGroup section */
		B517CD871B73B3C30089467C = {
			isa = PBXGroup;
			children = (
				B517CD921B73B3C30089467C /* SwiftErrorHandling */,
				B517CD911B73B3C30089467C /* Products */,
			);
			sourceTree = "<group>";
		};
		B517CD911B73B3C30089467C /* Products */ = {
			isa = PBXGroup;
			children = (
				B517CD901B73B3C30089467C /* SwiftErrorHandling.app */,
			);
			name = Products;
			sourceTree = "<group>";
		};
		B517CD921B73B3C30089467C /* SwiftErrorHandling */ = {
			isa = PBXGroup;
			children = (
				B517CD931B73B3C30089467C /* AppDelegate.swift */,
				B517CD951B73B3C30089467C /* ViewController.swift */,
				B517CD971B73B3C30089467C /* Main.storyboard */,
				B517CD9A1B73B3C30089467C /* Assets.xcassets */,
				B517CD9C1B73B3C30089467C /* LaunchScreen.storyboard */,
				B517CD9F1B73B3C30089467C /* Info.plist */,
			);
			path = SwiftErrorHandling;
			sourceTree = "<group>";
		};
/* End PBXGroup section */

/* Begin PBXNativeTarget section */
		B517CD8F1B73B3C30089467C /* SwiftErrorHandling */ = {
			isa = PBXNativeTarget;
			buildConfigurationList = B517CDA21B73B3C30089467C /* Build configuration list for PBXNativeTarget "SwiftErrorHandling" */;
			buildPhases = (
				B517CD8C1B73B3C30089467C /* Sources */,
				B517CD8D1B73B3C30089467C /* Frameworks */,
				B517CD8E1B73B3C30089467C /* Resources */,
			);
			buildRules = (
			);
			dependencies = (
			);
			name = SwiftErrorHandling;
			productName = SwiftErrorHandling;
			productReference = B517CD901B73B3C30089467C /* SwiftErrorHandling.app */;
			productType = "com.apple.product-type.application";
		};
/* End PBXNativeTarget section */

/* Begin PBXProject section */
		B517CD881B73B3C30089467C /* Project object */ = {
			isa = PBXProject;
			attributes = {
				LastUpgradeCheck = 0700;
				ORGANIZATIONNAME = "Shad's Goode Apps";
				TargetAttributes = {
					B517CD8F1B73B3C30089467C = {
						CreatedOnToolsVersion = 7.0;
					};
				};
			};
			buildConfigurationList = B517CD8B1B73B3C30089467C /* Build configuration list for PBXProject "SwiftErrorHandling" */;
			compatibilityVersion = "Xcode 3.2";
			developmentRegion = English;
			hasScannedForEncodings = 0;
			knownRegions = (
				en,
				Base,
			);
			mainGroup = B517CD871B73B3C30089467C;
			productRefGroup = B517CD911B73B3C30089467C /* Products */;
			projectDirPath = "";
			projectRoot = "";
			targets = (
				B517CD8F1B73B3C30089467C /* SwiftErrorHandling */,
			);
		};
/* End PBXProject section */

/* Begin PBXResourcesBuildPhase section */
		B517CD8E1B73B3C30089467C /* Resources */ = {
			isa = PBXResourcesBuildPhase;
			buildActionMask = 2147483647;
			files = (
				B517CD9E1B73B3C30089467C /* LaunchScreen.storyboard in Resources */,
				B517CD9B1B73B3C30089467C /* Assets.xcassets in Resources */,
				B517CD991B73B3C30089467C /* Main.storyboard in Resources */,
			);
			runOnlyForDeploymentPostprocessing = 0;
		};
/* End PBXResourcesBuildPhase section */

/* Begin PBXSourcesBuildPhase section */
		B517CD8C1B73B3C30089467C /* Sources */ = {
			isa = PBXSourcesBuildPhase;
			buildActionMask = 2147483647;
			files = (
				B517CD961B73B3C30089467C /* ViewController.swift in Sources */,
				B517CD941B73B3C30089467C /* AppDelegate.swift in Sources */,
			);
			runOnlyForDeploymentPostprocessing = 0;
		};
/* End PBXSourcesBuildPhase section */

/* Begin PBXVariantGroup section */
		B517CD971B73B3C30089467C /* Main.storyboard */ = {
			isa = PBXVariantGroup;
			children = (
				B517CD981B73B3C30089467C /* Base */,
			);
			name = Main.storyboard;
			sourceTree = "<group>";
		};
		B517CD9C1B73B3C30089467C /* LaunchScreen.storyboard */ = {
			isa = PBXVariantGroup;
			children = (
				B517CD9D1B73B3C30089467C /* Base */,
			);
			name = LaunchScreen.storyboard;
			sourceTree = "<group>";
		};
/* End PBXVariantGroup section */

/* Begin XCBuildConfiguration section */
		B517CDA01B73B3C30089467C /* Debug */ = {
			isa = XCBuildConfiguration;
			buildSettings = {
				ALWAYS_SEARCH_USER_PATHS = NO;
				CLANG_CXX_LANGUAGE_STANDARD = "gnu++0x";
				CLANG_CXX_LIBRARY = "libc++";
				CLANG_ENABLE_MODULES = YES;
				CLANG_ENABLE_OBJC_ARC = YES;
				CLANG_WARN_BOOL_CONVERSION = YES;
				CLANG_WARN_CONSTANT_CONVERSION = YES;
				CLANG_WARN_DIRECT_OBJC_ISA_USAGE = YES_ERROR;
				CLANG_WARN_EMPTY_BODY = YES;
				CLANG_WARN_ENUM_CONVERSION = YES;
				CLANG_WARN_INT_CONVERSION = YES;
				CLANG_WARN_OBJC_ROOT_CLASS = YES_ERROR;
				CLANG_WARN_UNREACHABLE_CODE = YES;
				CLANG_WARN__DUPLICATE_METHOD_MATCH = YES;
				"CODE_SIGN_IDENTITY[sdk=iphoneos*]" = "iPhone Developer";
				COPY_PHASE_STRIP = NO;
				DEBUG_INFORMATION_FORMAT = dwarf;
				ENABLE_STRICT_OBJC_MSGSEND = YES;
				ENABLE_TESTABILITY = YES;
				GCC_C_LANGUAGE_STANDARD = gnu99;
				GCC_DYNAMIC_NO_PIC = NO;
				GCC_NO_COMMON_BLOCKS = YES;
				GCC_OPTIMIZATION_LEVEL = 0;
				GCC_PREPROCESSOR_DEFINITIONS = (
					"DEBUG=1",
					"$(inherited)",
				);
				GCC_WARN_64_TO_32_BIT_CONVERSION = YES;
				GCC_WARN_ABOUT_RETURN_TYPE = YES_ERROR;
				GCC_WARN_UNDECLARED_SELECTOR = YES;
				GCC_WARN_UNINITIALIZED_AUTOS = YES_AGGRESSIVE;
				GCC_WARN_UNUSED_FUNCTION = YES;
				GCC_WARN_UNUSED_VARIABLE = YES;
				IPHONEOS_DEPLOYMENT_TARGET = 9.0;
				MTL_ENABLE_DEBUG_INFO = YES;
				ONLY_ACTIVE_ARCH = YES;
				SDKROOT = iphoneos;
				SWIFT_OPTIMIZATION_LEVEL = "-Onone";
			};
			name = Debug;
		};
		B517CDA11B73B3C30089467C /* Release */ = {
			isa = XCBuildConfiguration;
			buildSettings = {
				ALWAYS_SEARCH_USER_PATHS = NO;
				CLANG_CXX_LANGUAGE_STANDARD = "gnu++0x";
				CLANG_CXX_LIBRARY = "libc++";
				CLANG_ENABLE_MODULES = YES;
				CLANG_ENABLE_OBJC_ARC = YES;
				CLANG_WARN_BOOL_CONVERSION = YES;
				CLANG_WARN_CONSTANT_CONVERSION = YES;
				CLANG_WARN_DIRECT_OBJC_ISA_USAGE = YES_ERROR;
				CLANG_WARN_EMPTY_BODY = YES;
				CLANG_WARN_ENUM_CONVERSION = YES;
				CLANG_WARN_INT_CONVERSION = YES;
				CLANG_WARN_OBJC_ROOT_CLASS = YES_ERROR;
				CLANG_WARN_UNREACHABLE_CODE = YES;
				CLANG_WARN__DUPLICATE_METHOD_MATCH = YES;
				"CODE_SIGN_IDENTITY[sdk=iphoneos*]" = "iPhone Developer";
				COPY_PHASE_STRIP = NO;
				DEBUG_INFORMATION_FORMAT = "dwarf-with-dsym";
				ENABLE_NS_ASSERTIONS = NO;
				ENABLE_STRICT_OBJC_MSGSEND = YES;
				GCC_C_LANGUAGE_STANDARD = gnu99;
				GCC_NO_COMMON_BLOCKS = YES;
				GCC_WARN_64_TO_32_BIT_CONVERSION = YES;
				GCC_WARN_ABOUT_RETURN_TYPE = YES_ERROR;
				GCC_WARN_UNDECLARED_SELECTOR = YES;
				GCC_WARN_UNINITIALIZED_AUTOS = YES_AGGRESSIVE;
				GCC_WARN_UNUSED_FUNCTION = YES;
				GCC_WARN_UNUSED_VARIABLE = YES;
				IPHONEOS_DEPLOYMENT_TARGET = 9.0;
				MTL_ENABLE_DEBUG_INFO = NO;
				SDKROOT = iphoneos;
				VALIDATE_PRODUCT = YES;
			};
			name = Release;
		};
		B517CDA31B73B3C30089467C /* Debug */ = {
			isa = XCBuildConfiguration;
			buildSettings = {
				ASSETCATALOG_COMPILER_APPICON_NAME = AppIcon;
				INFOPLIST_FILE = SwiftErrorHandling/Info.plist;
				LD_RUNPATH_SEARCH_PATHS = "$(inherited) @executable_path/Frameworks";
				PRODUCT_BUNDLE_IDENTIFIER = com.shad.SwiftErrorHandling;
				PRODUCT_NAME = "$(TARGET_NAME)";
			};
			name = Debug;
		};
		B517CDA41B73B3C30089467C /* Release */ = {
			isa = XCBuildConfiguration;
			buildSettings = {
				ASSETCATALOG_COMPILER_APPICON_NAME = AppIcon;
				INFOPLIST_FILE = SwiftErrorHandling/Info.plist;
				LD_RUNPATH_SEARCH_PATHS = "$(inherited) @executable_path/Frameworks";
				PRODUCT_BUNDLE_IDENTIFIER = com.shad.SwiftErrorHandling;
				PRODUCT_NAME = "$(TARGET_NAME)";
			};
			name = Release;
		};
/* End XCBuildConfiguration section */

/* Begin XCConfigurationList section */
		B517CD8B1B73B3C30089467C /* Build configuration list for PBXProject "SwiftErrorHandling" */ = {
			isa = XCConfigurationList;
			buildConfigurations = (
				B517CDA01B73B3C30089467C /* Debug */,
				B517CDA11B73B3C30089467C /* Release */,
			);
			defaultConfigurationIsVisible = 0;
			defaultConfigurationName = Release;
		};
		B517CDA21B73B3C30089467C /* Build configuration list for PBXNativeTarget "SwiftErrorHandling" */ = {
			isa = XCConfigurationList;
			buildConfigurations = (
				B517CDA31B73B3C30089467C /* Debug */,
				B517CDA41B73B3C30089467C /* Release */,
			);
			defaultConfigurationIsVisible = 0;
		};
/* End XCConfigurationList section */
	};
	rootObject = B517CD881B73B3C30089467C /* Project object */;
}
